{
  "originHash" : "ee78184b10e7267e2c60714f9bcd83af9087ba0c28df5289f0e54014e01dab11",
  "pins" : [
    {
      "identity" : "licensable",
      "kind" : "remoteSourceControl",
      "location" : "https://github.com/inseven/licensable",
      "state" : {
        "revision" : "a8ad62c6fde5aca29a47459b0687e580eee203dd",
        "version" : "0.0.13"
      }
    },
    {
      "identity" : "sparkle",
      "kind" : "remoteSourceControl",
      "location" : "https://github.com/sparkle-project/Sparkle",
      "state" : {
        "revision" : "df074165274afaa39539c05d57b0832620775b11",
        "version" : "2.7.1"
      }
    }
  ],
  "version" : 3
}
